
Microsoft Visual Studio Solution File, Format Version 12.00
# Visual Studio Version 17
VisualStudioVersion = 17.9.34728.123
MinimumVisualStudioVersion = 10.0.40219.1
Project("{FAE04EC0-301F-11D3-BF4B-00C04F79EFBC}") = "LMControleEstoque", "LMControleEstoque\LMControleEstoque.csproj", "{F08200C6-D7B2-4A91-882A-48D0B35EF26E}"
EndProject
Global
	GlobalSection(SolutionConfigurationPlatforms) = preSolution
		Debug|Any CPU = Debug|Any CPU
		Release|Any CPU = Release|Any CPU
	EndGlobalSection
	GlobalSection(ProjectConfigurationPlatforms) = postSolution
		{F08200C6-D7B2-4A91-882A-48D0B35EF26E}.Debug|Any CPU.ActiveCfg = Debug|Any CPU
		{F08200C6-D7B2-4A91-882A-48D0B35EF26E}.Debug|Any CPU.Build.0 = Debug|Any CPU
		{F08200C6-D7B2-4A91-882A-48D0B35EF26E}.Release|Any CPU.ActiveCfg = Release|Any CPU
		{F08200C6-D7B2-4A91-882A-48D0B35EF26E}.Release|Any CPU.Build.0 = Release|Any CPU
	EndGlobalSection
	GlobalSection(SolutionProperties) = preSolution
		HideSolutionNode = FALSE
	EndGlobalSection
	GlobalSection(ExtensibilityGlobals) = postSolution
		SolutionGuid = {2C7D0E1A-FBE6-4161-BD0E-BEE57A31CB2E}
	EndGlobalSection
EndGlobal
